// !$*UTF8*$!
{
	archiveVersion = 1;
	classes = {
	};
	objectVersion = 56;
	objects = {

/* Begin PBXBuildFile section */
		4D2C8E8E2A80ED1D0064CD62 /* Date+Today.swift in Sources */ = {isa = PBXBuildFile; fileRef = 4D2C8E8D2A80ED1D0064CD62 /* Date+Today.swift */; };
		4D2C8E912A80F1760064CD62 /* ReminderListViewController+DataSource.swift in Sources */ = {isa = PBXBuildFile; fileRef = 4D2C8E902A80F1760064CD62 /* ReminderListViewController+DataSource.swift */; };
		4D2C8E932A80F2510064CD62 /* ReminderListViewController.swift in Sources */ = {isa = PBXBuildFile; fileRef = 4D2C8E922A80F2510064CD62 /* ReminderListViewController.swift */; };
		4D2C8E952A80F4560064CD62 /* UIColor+Today.swift in Sources */ = {isa = PBXBuildFile; fileRef = 4D2C8E942A80F4560064CD62 /* UIColor+Today.swift */; };
		4D4771D32A7CEC9C00199802 /* AppDelegate.swift in Sources */ = {isa = PBXBuildFile; fileRef = 4D4771D22A7CEC9C00199802 /* AppDelegate.swift */; };
		4D4771D52A7CEC9C00199802 /* SceneDelegate.swift in Sources */ = {isa = PBXBuildFile; fileRef = 4D4771D42A7CEC9C00199802 /* SceneDelegate.swift */; };
		4D4771DA2A7CEC9C00199802 /* Main.storyboard in Resources */ = {isa = PBXBuildFile; fileRef = 4D4771D82A7CEC9C00199802 /* Main.storyboard */; };
		4D4771DC2A7CEC9D00199802 /* Assets.xcassets in Resources */ = {isa = PBXBuildFile; fileRef = 4D4771DB2A7CEC9D00199802 /* Assets.xcassets */; };
		4D4771DF2A7CEC9D00199802 /* LaunchScreen.storyboard in Resources */ = {isa = PBXBuildFile; fileRef = 4D4771DD2A7CEC9D00199802 /* LaunchScreen.storyboard */; };
		4D4771E82A7CEDDE00199802 /* Reminder.swift in Sources */ = {isa = PBXBuildFile; fileRef = 4D4771E72A7CEDDE00199802 /* Reminder.swift */; };
		4DA905012A81F05300E879B1 /* ReminderDoneButton.swift in Sources */ = {isa = PBXBuildFile; fileRef = 4DA905002A81F05300E879B1 /* ReminderDoneButton.swift */; };
		4DA905032A81F15B00E879B1 /* ReminderListViewController+Actions.swift in Sources */ = {isa = PBXBuildFile; fileRef = 4DA905022A81F15B00E879B1 /* ReminderListViewController+Actions.swift */; };
		4DA905052A8227DE00E879B1 /* ReminderViewController.swift in Sources */ = {isa = PBXBuildFile; fileRef = 4DA905042A8227DE00E879B1 /* ReminderViewController.swift */; };
		4DA905082A822A3D00E879B1 /* ReminderViewController+Row.swift in Sources */ = {isa = PBXBuildFile; fileRef = 4DA905072A822A3D00E879B1 /* ReminderViewController+Row.swift */; };
/* End PBXBuildFile section */

/* Begin PBXFileReference section */
		4D2C8E8D2A80ED1D0064CD62 /* Date+Today.swift */ = {isa = PBXFileReference; lastKnownFileType = sourcecode.swift; path = "Date+Today.swift"; sourceTree = "<group>"; };
		4D2C8E902A80F1760064CD62 /* ReminderListViewController+DataSource.swift */ = {isa = PBXFileReference; lastKnownFileType = sourcecode.swift; path = "ReminderListViewController+DataSource.swift"; sourceTree = "<group>"; };
		4D2C8E922A80F2510064CD62 /* ReminderListViewController.swift */ = {isa = PBXFileReference; lastKnownFileType = sourcecode.swift; path = ReminderListViewController.swift; sourceTree = "<group>"; };
		4D2C8E942A80F4560064CD62 /* UIColor+Today.swift */ = {isa = PBXFileReference; lastKnownFileType = sourcecode.swift; path = "UIColor+Today.swift"; sourceTree = "<group>"; };
		4D4771CF2A7CEC9C00199802 /* UIKitTutorial.app */ = {isa = PBXFileReference; explicitFileType = wrapper.application; includeInIndex = 0; path = UIKitTutorial.app; sourceTree = BUILT_PRODUCTS_DIR; };
		4D4771D22A7CEC9C00199802 /* AppDelegate.swift */ = {isa = PBXFileReference; lastKnownFileType = sourcecode.swift; path = AppDelegate.swift; sourceTree = "<group>"; };
		4D4771D42A7CEC9C00199802 /* SceneDelegate.swift */ = {isa = PBXFileReference; lastKnownFileType = sourcecode.swift; path = SceneDelegate.swift; sourceTree = "<group>"; };
		4D4771D92A7CEC9C00199802 /* Base */ = {isa = PBXFileReference; lastKnownFileType = file.storyboard; name = Base; path = Base.lproj/Main.storyboard; sourceTree = "<group>"; };
		4D4771DB2A7CEC9D00199802 /* Assets.xcassets */ = {isa = PBXFileReference; lastKnownFileType = folder.assetcatalog; path = Assets.xcassets; sourceTree = "<group>"; };
		4D4771DE2A7CEC9D00199802 /* Base */ = {isa = PBXFileReference; lastKnownFileType = file.storyboard; name = Base; path = Base.lproj/LaunchScreen.storyboard; sourceTree = "<group>"; };
		4D4771E02A7CEC9D00199802 /* Info.plist */ = {isa = PBXFileReference; lastKnownFileType = text.plist.xml; path = Info.plist; sourceTree = "<group>"; };
		4D4771E72A7CEDDE00199802 /* Reminder.swift */ = {isa = PBXFileReference; lastKnownFileType = sourcecode.swift; path = Reminder.swift; sourceTree = "<group>"; };
		4DA905002A81F05300E879B1 /* ReminderDoneButton.swift */ = {isa = PBXFileReference; lastKnownFileType = sourcecode.swift; path = ReminderDoneButton.swift; sourceTree = "<group>"; };
		4DA905022A81F15B00E879B1 /* ReminderListViewController+Actions.swift */ = {isa = PBXFileReference; lastKnownFileType = sourcecode.swift; path = "ReminderListViewController+Actions.swift"; sourceTree = "<group>"; };
		4DA905042A8227DE00E879B1 /* ReminderViewController.swift */ = {isa = PBXFileReference; lastKnownFileType = sourcecode.swift; path = ReminderViewController.swift; sourceTree = "<group>"; };
		4DA905072A822A3D00E879B1 /* ReminderViewController+Row.swift */ = {isa = PBXFileReference; lastKnownFileType = sourcecode.swift; path = "ReminderViewController+Row.swift"; sourceTree = "<group>"; };
/* End PBXFileReference section */

/* Begin PBXFrameworksBuildPhase section */
		4D4771CC2A7CEC9C00199802 /* Frameworks */ = {
			isa = PBXFrameworksBuildPhase;
			buildActionMask = 2147483647;
			files = (
			);
			runOnlyForDeploymentPostprocessing = 0;
		};
/* End PBXFrameworksBuildPhase section */

/* Begin PBXGroup section */
		4D2C8E8F2A80F1140064CD62 /* ListViewController */ = {
			isa = PBXGroup;
			children = (
				4DA905002A81F05300E879B1 /* ReminderDoneButton.swift */,
				4D2C8E902A80F1760064CD62 /* ReminderListViewController+DataSource.swift */,
				4D2C8E922A80F2510064CD62 /* ReminderListViewController.swift */,
				4DA905022A81F15B00E879B1 /* ReminderListViewController+Actions.swift */,
			);
			path = ListViewController;
			sourceTree = "<group>";
		};
		4D4771C62A7CEC9C00199802 = {
			isa = PBXGroup;
			children = (
				4D4771D12A7CEC9C00199802 /* UIKitTutorial */,
				4D4771D02A7CEC9C00199802 /* Products */,
			);
			sourceTree = "<group>";
		};
		4D4771D02A7CEC9C00199802 /* Products */ = {
			isa = PBXGroup;
			children = (
				4D4771CF2A7CEC9C00199802 /* UIKitTutorial.app */,
			);
			name = Products;
			sourceTree = "<group>";
		};
		4D4771D12A7CEC9C00199802 /* UIKitTutorial */ = {
			isa = PBXGroup;
			children = (
				4D2C8E8F2A80F1140064CD62 /* ListViewController */,
				4D4771E62A7CEDC600199802 /* Models */,
				4D4771D22A7CEC9C00199802 /* AppDelegate.swift */,
				4D4771D42A7CEC9C00199802 /* SceneDelegate.swift */,
				4D4771D82A7CEC9C00199802 /* Main.storyboard */,
				4D4771DB2A7CEC9D00199802 /* Assets.xcassets */,
				4D4771DD2A7CEC9D00199802 /* LaunchScreen.storyboard */,
				4D4771E02A7CEC9D00199802 /* Info.plist */,
				4DA905062A82299400E879B1 /* DetailViewController */,
			);
			path = UIKitTutorial;
			sourceTree = "<group>";
		};
		4D4771E62A7CEDC600199802 /* Models */ = {
			isa = PBXGroup;
			children = (
				4D4771E72A7CEDDE00199802 /* Reminder.swift */,
				4D2C8E8D2A80ED1D0064CD62 /* Date+Today.swift */,
				4D2C8E942A80F4560064CD62 /* UIColor+Today.swift */,
			);
			path = Models;
			sourceTree = "<group>";
		};
		4DA905062A82299400E879B1 /* DetailViewController */ = {
			isa = PBXGroup;
			children = (
				4DA905042A8227DE00E879B1 /* ReminderViewController.swift */,
				4DA905072A822A3D00E879B1 /* ReminderViewController+Row.swift */,
			);
			path = DetailViewController;
			sourceTree = "<group>";
		};
/* End PBXGroup section */

/* Begin PBXNativeTarget section */
		4D4771CE2A7CEC9C00199802 /* UIKitTutorial */ = {
			isa = PBXNativeTarget;
			buildConfigurationList = 4D4771E32A7CEC9D00199802 /* Build configuration list for PBXNativeTarget "UIKitTutorial" */;
			buildPhases = (
				4D4771CB2A7CEC9C00199802 /* Sources */,
				4D4771CC2A7CEC9C00199802 /* Frameworks */,
				4D4771CD2A7CEC9C00199802 /* Resources */,
			);
			buildRules = (
			);
			dependencies = (
			);
			name = UIKitTutorial;
			productName = UIKitTutorial;
			productReference = 4D4771CF2A7CEC9C00199802 /* UIKitTutorial.app */;
			productType = "com.apple.product-type.application";
		};
/* End PBXNativeTarget section */

/* Begin PBXProject section */
		4D4771C72A7CEC9C00199802 /* Project object */ = {
			isa = PBXProject;
			attributes = {
				BuildIndependentTargetsInParallel = 1;
				LastSwiftUpdateCheck = 1430;
				LastUpgradeCheck = 1430;
				TargetAttributes = {
					4D4771CE2A7CEC9C00199802 = {
						CreatedOnToolsVersion = 14.3.1;
					};
				};
			};
			buildConfigurationList = 4D4771CA2A7CEC9C00199802 /* Build configuration list for PBXProject "UIKitTutorial" */;
			compatibilityVersion = "Xcode 14.0";
			developmentRegion = en;
			hasScannedForEncodings = 0;
			knownRegions = (
				en,
				Base,
			);
			mainGroup = 4D4771C62A7CEC9C00199802;
			productRefGroup = 4D4771D02A7CEC9C00199802 /* Products */;
			projectDirPath = "";
			projectRoot = "";
			targets = (
				4D4771CE2A7CEC9C00199802 /* UIKitTutorial */,
			);
		};
/* End PBXProject section */

/* Begin PBXResourcesBuildPhase section */
		4D4771CD2A7CEC9C00199802 /* Resources */ = {
			isa = PBXResourcesBuildPhase;
			buildActionMask = 2147483647;
			files = (
				4D4771DF2A7CEC9D00199802 /* LaunchScreen.storyboard in Resources */,
				4D4771DC2A7CEC9D00199802 /* Assets.xcassets in Resources */,
				4D4771DA2A7CEC9C00199802 /* Main.storyboard in Resources */,
			);
			runOnlyForDeploymentPostprocessing = 0;
		};
/* End PBXResourcesBuildPhase section */

/* Begin PBXSourcesBuildPhase section */
		4D4771CB2A7CEC9C00199802 /* Sources */ = {
			isa = PBXSourcesBuildPhase;
			buildActionMask = 2147483647;
			files = (
				4D2C8E952A80F4560064CD62 /* UIColor+Today.swift in Sources */,
				4DA905032A81F15B00E879B1 /* ReminderListViewController+Actions.swift in Sources */,
				4D2C8E8E2A80ED1D0064CD62 /* Date+Today.swift in Sources */,
				4D4771D32A7CEC9C00199802 /* AppDelegate.swift in Sources */,
				4D4771D52A7CEC9C00199802 /* SceneDelegate.swift in Sources */,
				4DA905082A822A3D00E879B1 /* ReminderViewController+Row.swift in Sources */,
				4D4771E82A7CEDDE00199802 /* Reminder.swift in Sources */,
				4DA905052A8227DE00E879B1 /* ReminderViewController.swift in Sources */,
				4DA905012A81F05300E879B1 /* ReminderDoneButton.swift in Sources */,
				4D2C8E932A80F2510064CD62 /* ReminderListViewController.swift in Sources */,
				4D2C8E912A80F1760064CD62 /* ReminderListViewController+DataSource.swift in Sources */,
			);
			runOnlyForDeploymentPostprocessing = 0;
		};
/* End PBXSourcesBuildPhase section */

/* Begin PBXVariantGroup section */
		4D4771D82A7CEC9C00199802 /* Main.storyboard */ = {
			isa = PBXVariantGroup;
			children = (
				4D4771D92A7CEC9C00199802 /* Base */,
			);
			name = Main.storyboard;
			sourceTree = "<group>";
		};
		4D4771DD2A7CEC9D00199802 /* LaunchScreen.storyboard */ = {
			isa = PBXVariantGroup;
			children = (
				4D4771DE2A7CEC9D00199802 /* Base */,
			);
			name = LaunchScreen.storyboard;
			sourceTree = "<group>";
		};
/* End PBXVariantGroup section */

/* Begin XCBuildConfiguration section */
		4D4771E12A7CEC9D00199802 /* Debug */ = {
			isa = XCBuildConfiguration;
			buildSettings = {
				ALWAYS_SEARCH_USER_PATHS = NO;
				CLANG_ANALYZER_NONNULL = YES;
				CLANG_ANALYZER_NUMBER_OBJECT_CONVERSION = YES_AGGRESSIVE;
				CLANG_CXX_LANGUAGE_STANDARD = "gnu++20";
				CLANG_ENABLE_MODULES = YES;
				CLANG_ENABLE_OBJC_ARC = YES;
				CLANG_ENABLE_OBJC_WEAK = YES;
				CLANG_WARN_BLOCK_CAPTURE_AUTORELEASING = YES;
				CLANG_WARN_BOOL_CONVERSION = YES;
				CLANG_WARN_COMMA = YES;
				CLANG_WARN_CONSTANT_CONVERSION = YES;
				CLANG_WARN_DEPRECATED_OBJC_IMPLEMENTATIONS = YES;
				CLANG_WARN_DIRECT_OBJC_ISA_USAGE = YES_ERROR;
				CLANG_WARN_DOCUMENTATION_COMMENTS = YES;
				CLANG_WARN_EMPTY_BODY = YES;
				CLANG_WARN_ENUM_CONVERSION = YES;
				CLANG_WARN_INFINITE_RECURSION = YES;
				CLANG_WARN_INT_CONVERSION = YES;
				CLANG_WARN_NON_LITERAL_NULL_CONVERSION = YES;
				CLANG_WARN_OBJC_IMPLICIT_RETAIN_SELF = YES;
				CLANG_WARN_OBJC_LITERAL_CONVERSION = YES;
				CLANG_WARN_OBJC_ROOT_CLASS = YES_ERROR;
				CLANG_WARN_QUOTED_INCLUDE_IN_FRAMEWORK_HEADER = YES;
				CLANG_WARN_RANGE_LOOP_ANALYSIS = YES;
				CLANG_WARN_STRICT_PROTOTYPES = YES;
				CLANG_WARN_SUSPICIOUS_MOVE = YES;
				CLANG_WARN_UNGUARDED_AVAILABILITY = YES_AGGRESSIVE;
				CLANG_WARN_UNREACHABLE_CODE = YES;
				CLANG_WARN__DUPLICATE_METHOD_MATCH = YES;
				COPY_PHASE_STRIP = NO;
				DEBUG_INFORMATION_FORMAT = dwarf;
				ENABLE_STRICT_OBJC_MSGSEND = YES;
				ENABLE_TESTABILITY = YES;
				GCC_C_LANGUAGE_STANDARD = gnu11;
				GCC_DYNAMIC_NO_PIC = NO;
				GCC_NO_COMMON_BLOCKS = YES;
				GCC_OPTIMIZATION_LEVEL = 0;
				GCC_PREPROCESSOR_DEFINITIONS = (
					"DEBUG=1",
					"$(inherited)",
				);
				GCC_WARN_64_TO_32_BIT_CONVERSION = YES;
				GCC_WARN_ABOUT_RETURN_TYPE = YES_ERROR;
				GCC_WARN_UNDECLARED_SELECTOR = YES;
				GCC_WARN_UNINITIALIZED_AUTOS = YES_AGGRESSIVE;
				GCC_WARN_UNUSED_FUNCTION = YES;
				GCC_WARN_UNUSED_VARIABLE = YES;
				IPHONEOS_DEPLOYMENT_TARGET = 16.4;
				MTL_ENABLE_DEBUG_INFO = INCLUDE_SOURCE;
				MTL_FAST_MATH = YES;
				ONLY_ACTIVE_ARCH = YES;
				SDKROOT = iphoneos;
				SWIFT_ACTIVE_COMPILATION_CONDITIONS = DEBUG;
				SWIFT_OPTIMIZATION_LEVEL = "-Onone";
			};
			name = Debug;
		};
		4D4771E22A7CEC9D00199802 /* Release */ = {
			isa = XCBuildConfiguration;
			buildSettings = {
				ALWAYS_SEARCH_USER_PATHS = NO;
				CLANG_ANALYZER_NONNULL = YES;
				CLANG_ANALYZER_NUMBER_OBJECT_CONVERSION = YES_AGGRESSIVE;
				CLANG_CXX_LANGUAGE_STANDARD = "gnu++20";
				CLANG_ENABLE_MODULES = YES;
				CLANG_ENABLE_OBJC_ARC = YES;
				CLANG_ENABLE_OBJC_WEAK = YES;
				CLANG_WARN_BLOCK_CAPTURE_AUTORELEASING = YES;
				CLANG_WARN_BOOL_CONVERSION = YES;
				CLANG_WARN_COMMA = YES;
				CLANG_WARN_CONSTANT_CONVERSION = YES;
				CLANG_WARN_DEPRECATED_OBJC_IMPLEMENTATIONS = YES;
				CLANG_WARN_DIRECT_OBJC_ISA_USAGE = YES_ERROR;
				CLANG_WARN_DOCUMENTATION_COMMENTS = YES;
				CLANG_WARN_EMPTY_BODY = YES;
				CLANG_WARN_ENUM_CONVERSION = YES;
				CLANG_WARN_INFINITE_RECURSION = YES;
				CLANG_WARN_INT_CONVERSION = YES;
				CLANG_WARN_NON_LITERAL_NULL_CONVERSION = YES;
				CLANG_WARN_OBJC_IMPLICIT_RETAIN_SELF = YES;
				CLANG_WARN_OBJC_LITERAL_CONVERSION = YES;
				CLANG_WARN_OBJC_ROOT_CLASS = YES_ERROR;
				CLANG_WARN_QUOTED_INCLUDE_IN_FRAMEWORK_HEADER = YES;
				CLANG_WARN_RANGE_LOOP_ANALYSIS = YES;
				CLANG_WARN_STRICT_PROTOTYPES = YES;
				CLANG_WARN_SUSPICIOUS_MOVE = YES;
				CLANG_WARN_UNGUARDED_AVAILABILITY = YES_AGGRESSIVE;
				CLANG_WARN_UNREACHABLE_CODE = YES;
				CLANG_WARN__DUPLICATE_METHOD_MATCH = YES;
				COPY_PHASE_STRIP = NO;
				DEBUG_INFORMATION_FORMAT = "dwarf-with-dsym";
				ENABLE_NS_ASSERTIONS = NO;
				ENABLE_STRICT_OBJC_MSGSEND = YES;
				GCC_C_LANGUAGE_STANDARD = gnu11;
				GCC_NO_COMMON_BLOCKS = YES;
				GCC_WARN_64_TO_32_BIT_CONVERSION = YES;
				GCC_WARN_ABOUT_RETURN_TYPE = YES_ERROR;
				GCC_WARN_UNDECLARED_SELECTOR = YES;
				GCC_WARN_UNINITIALIZED_AUTOS = YES_AGGRESSIVE;
				GCC_WARN_UNUSED_FUNCTION = YES;
				GCC_WARN_UNUSED_VARIABLE = YES;
				IPHONEOS_DEPLOYMENT_TARGET = 16.4;
				MTL_ENABLE_DEBUG_INFO = NO;
				MTL_FAST_MATH = YES;
				SDKROOT = iphoneos;
				SWIFT_COMPILATION_MODE = wholemodule;
				SWIFT_OPTIMIZATION_LEVEL = "-O";
				VALIDATE_PRODUCT = YES;
			};
			name = Release;
		};
		4D4771E42A7CEC9D00199802 /* Debug */ = {
			isa = XCBuildConfiguration;
			buildSettings = {
				ASSETCATALOG_COMPILER_APPICON_NAME = AppIcon;
				ASSETCATALOG_COMPILER_GLOBAL_ACCENT_COLOR_NAME = AccentColor;
				CODE_SIGN_STYLE = Automatic;
				CURRENT_PROJECT_VERSION = 1;
				DEVELOPMENT_TEAM = Q32WP4AJRW;
				GENERATE_INFOPLIST_FILE = YES;
				INFOPLIST_FILE = UIKitTutorial/Info.plist;
				INFOPLIST_KEY_UIApplicationSupportsIndirectInputEvents = YES;
				INFOPLIST_KEY_UILaunchStoryboardName = LaunchScreen;
				INFOPLIST_KEY_UIMainStoryboardFile = Main;
				INFOPLIST_KEY_UISupportedInterfaceOrientations_iPad = "UIInterfaceOrientationPortrait UIInterfaceOrientationPortraitUpsideDown UIInterfaceOrientationLandscapeLeft UIInterfaceOrientationLandscapeRight";
				INFOPLIST_KEY_UISupportedInterfaceOrientations_iPhone = "UIInterfaceOrientationPortrait UIInterfaceOrientationLandscapeLeft UIInterfaceOrientationLandscapeRight";
				LD_RUNPATH_SEARCH_PATHS = (
					"$(inherited)",
					"@executable_path/Frameworks",
				);
				MARKETING_VERSION = 1.0;
				PRODUCT_BUNDLE_IDENTIFIER = com.naokiwakata.UIKitTutorial;
				PRODUCT_NAME = "$(TARGET_NAME)";
				SWIFT_EMIT_LOC_STRINGS = YES;
				SWIFT_VERSION = 5.0;
				TARGETED_DEVICE_FAMILY = "1,2";
			};
			name = Debug;
		};
		4D4771E52A7CEC9D00199802 /* Release */ = {
			isa = XCBuildConfiguration;
			buildSettings = {
				ASSETCATALOG_COMPILER_APPICON_NAME = AppIcon;
				ASSETCATALOG_COMPILER_GLOBAL_ACCENT_COLOR_NAME = AccentColor;
				CODE_SIGN_STYLE = Automatic;
				CURRENT_PROJECT_VERSION = 1;
				DEVELOPMENT_TEAM = Q32WP4AJRW;
				GENERATE_INFOPLIST_FILE = YES;
				INFOPLIST_FILE = UIKitTutorial/Info.plist;
				INFOPLIST_KEY_UIApplicationSupportsIndirectInputEvents = YES;
				INFOPLIST_KEY_UILaunchStoryboardName = LaunchScreen;
				INFOPLIST_KEY_UIMainStoryboardFile = Main;
				INFOPLIST_KEY_UISupportedInterfaceOrientations_iPad = "UIInterfaceOrientationPortrait UIInterfaceOrientationPortraitUpsideDown UIInterfaceOrientationLandscapeLeft UIInterfaceOrientationLandscapeRight";
				INFOPLIST_KEY_UISupportedInterfaceOrientations_iPhone = "UIInterfaceOrientationPortrait UIInterfaceOrientationLandscapeLeft UIInterfaceOrientationLandscapeRight";
				LD_RUNPATH_SEARCH_PATHS = (
					"$(inherited)",
					"@executable_path/Frameworks",
				);
				MARKETING_VERSION = 1.0;
				PRODUCT_BUNDLE_IDENTIFIER = com.naokiwakata.UIKitTutorial;
				PRODUCT_NAME = "$(TARGET_NAME)";
				SWIFT_EMIT_LOC_STRINGS = YES;
				SWIFT_VERSION = 5.0;
				TARGETED_DEVICE_FAMILY = "1,2";
			};
			name = Release;
		};
/* End XCBuildConfiguration section */

/* Begin XCConfigurationList section */
		4D4771CA2A7CEC9C00199802 /* Build configuration list for PBXProject "UIKitTutorial" */ = {
			isa = XCConfigurationList;
			buildConfigurations = (
				4D4771E12A7CEC9D00199802 /* Debug */,
				4D4771E22A7CEC9D00199802 /* Release */,
			);
			defaultConfigurationIsVisible = 0;
			defaultConfigurationName = Release;
		};
		4D4771E32A7CEC9D00199802 /* Build configuration list for PBXNativeTarget "UIKitTutorial" */ = {
			isa = XCConfigurationList;
			buildConfigurations = (
				4D4771E42A7CEC9D00199802 /* Debug */,
				4D4771E52A7CEC9D00199802 /* Release */,
			);
			defaultConfigurationIsVisible = 0;
			defaultConfigurationName = Release;
		};
/* End XCConfigurationList section */
	};
	rootObject = 4D4771C72A7CEC9C00199802 /* Project object */;
}
